
Microsoft Visual Studio Solution File, Format Version 12.00
Project("{FAE04EC0-301F-11D3-BF4B-00C04F79EFBC}") = "FizzBuzzDojo", "FizzBuzzDojo\FizzBuzzDojo.csproj", "{C565D81A-487F-4661-8667-D987271C7C88}"
EndProject
Global
	GlobalSection(SolutionConfigurationPlatforms) = preSolution
		Debug|Any CPU = Debug|Any CPU
		Release|Any CPU = Release|Any CPU
	EndGlobalSection
	GlobalSection(ProjectConfigurationPlatforms) = postSolution
		{C565D81A-487F-4661-8667-D987271C7C88}.Debug|Any CPU.ActiveCfg = Debug|Any CPU
		{C565D81A-487F-4661-8667-D987271C7C88}.Debug|Any CPU.Build.0 = Debug|Any CPU
		{C565D81A-487F-4661-8667-D987271C7C88}.Release|Any CPU.ActiveCfg = Release|Any CPU
		{C565D81A-487F-4661-8667-D987271C7C88}.Release|Any CPU.Build.0 = Release|Any CPU
	EndGlobalSection
EndGlobal
